
Microsoft Visual Studio Solution File, Format Version 12.00
# Visual Studio Version 17
VisualStudioVersion = 17.2.32616.157
MinimumVisualStudioVersion = 10.0.40219.1
Project("{9A19103F-16F7-4668-BE54-9A1E7A4F7556}") = "SyntaxAndSyntaxSugarExercise", "SyntaxAndSyntaxSugarExercise\SyntaxAndSyntaxSugarExercise.csproj", "{96BAB868-38D1-418D-91D7-624C98179F4D}"
EndProject
Project("{2150E333-8FDC-42A3-9474-1A3956D46DE8}") = "Solution Items", "Solution Items", "{A0CE46C3-5B3F-4A67-98BA-F6A939573F9E}"
	ProjectSection(SolutionItems) = preProject
		.editorconfig = .editorconfig
	EndProjectSection
EndProject
Global
	GlobalSection(SolutionConfigurationPlatforms) = preSolution
		Debug|Any CPU = Debug|Any CPU
		Release|Any CPU = Release|Any CPU
	EndGlobalSection
	GlobalSection(ProjectConfigurationPlatforms) = postSolution
		{96BAB868-38D1-418D-91D7-624C98179F4D}.Debug|Any CPU.ActiveCfg = Debug|Any CPU
		{96BAB868-38D1-418D-91D7-624C98179F4D}.Debug|Any CPU.Build.0 = Debug|Any CPU
		{96BAB868-38D1-418D-91D7-624C98179F4D}.Release|Any CPU.ActiveCfg = Release|Any CPU
		{96BAB868-38D1-418D-91D7-624C98179F4D}.Release|Any CPU.Build.0 = Release|Any CPU
	EndGlobalSection
	GlobalSection(SolutionProperties) = preSolution
		HideSolutionNode = FALSE
	EndGlobalSection
	GlobalSection(ExtensibilityGlobals) = postSolution
		SolutionGuid = {D4BCB461-F862-4560-99F3-C11B3E955B84}
	EndGlobalSection
EndGlobal
